// !$*UTF8*$!
{
	archiveVersion = 1;
	classes = {
	};
	objectVersion = 56;
	objects = {

/* Begin PBXBuildFile section */
		8232A6E82ACC902B003DA5D7 /* IosTranslatorApp.swift in Sources */ = {isa = PBXBuildFile; fileRef = 8232A6E72ACC902B003DA5D7 /* IosTranslatorApp.swift */; };
		8232A6EA2ACC902B003DA5D7 /* ContentView.swift in Sources */ = {isa = PBXBuildFile; fileRef = 8232A6E92ACC902B003DA5D7 /* ContentView.swift */; };
		8232A6EC2ACC902E003DA5D7 /* Assets.xcassets in Resources */ = {isa = PBXBuildFile; fileRef = 8232A6EB2ACC902E003DA5D7 /* Assets.xcassets */; };
		8232A6EF2ACC902E003DA5D7 /* Preview Assets.xcassets in Resources */ = {isa = PBXBuildFile; fileRef = 8232A6EE2ACC902E003DA5D7 /* Preview Assets.xcassets */; };
		8232A6FA2ACC9362003DA5D7 /* TranslateView.swift in Sources */ = {isa = PBXBuildFile; fileRef = 8232A6F92ACC9362003DA5D7 /* TranslateView.swift */; };
		8232A6FC2ACC937F003DA5D7 /* LiveView.swift in Sources */ = {isa = PBXBuildFile; fileRef = 8232A6FB2ACC937F003DA5D7 /* LiveView.swift */; };
		8232A6FE2ACC9388003DA5D7 /* SettingsView.swift in Sources */ = {isa = PBXBuildFile; fileRef = 8232A6FD2ACC9388003DA5D7 /* SettingsView.swift */; };
/* End PBXBuildFile section */

/* Begin PBXFileReference section */
		8232A6E42ACC902B003DA5D7 /* IosTranslator.app */ = {isa = PBXFileReference; explicitFileType = wrapper.application; includeInIndex = 0; path = IosTranslator.app; sourceTree = BUILT_PRODUCTS_DIR; };
		8232A6E72ACC902B003DA5D7 /* IosTranslatorApp.swift */ = {isa = PBXFileReference; lastKnownFileType = sourcecode.swift; path = IosTranslatorApp.swift; sourceTree = "<group>"; };
		8232A6E92ACC902B003DA5D7 /* ContentView.swift */ = {isa = PBXFileReference; lastKnownFileType = sourcecode.swift; path = ContentView.swift; sourceTree = "<group>"; };
		8232A6EB2ACC902E003DA5D7 /* Assets.xcassets */ = {isa = PBXFileReference; lastKnownFileType = folder.assetcatalog; path = Assets.xcassets; sourceTree = "<group>"; };
		8232A6EE2ACC902E003DA5D7 /* Preview Assets.xcassets */ = {isa = PBXFileReference; lastKnownFileType = folder.assetcatalog; path = "Preview Assets.xcassets"; sourceTree = "<group>"; };
		8232A6F92ACC9362003DA5D7 /* TranslateView.swift */ = {isa = PBXFileReference; lastKnownFileType = sourcecode.swift; path = TranslateView.swift; sourceTree = "<group>"; };
		8232A6FB2ACC937F003DA5D7 /* LiveView.swift */ = {isa = PBXFileReference; lastKnownFileType = sourcecode.swift; path = LiveView.swift; sourceTree = "<group>"; };
		8232A6FD2ACC9388003DA5D7 /* SettingsView.swift */ = {isa = PBXFileReference; lastKnownFileType = sourcecode.swift; path = SettingsView.swift; sourceTree = "<group>"; };
/* End PBXFileReference section */

/* Begin PBXFrameworksBuildPhase section */
		8232A6E12ACC902B003DA5D7 /* Frameworks */ = {
			isa = PBXFrameworksBuildPhase;
			buildActionMask = 2147483647;
			files = (
			);
			runOnlyForDeploymentPostprocessing = 0;
		};
/* End PBXFrameworksBuildPhase section */

/* Begin PBXGroup section */
		8232A6DB2ACC902B003DA5D7 = {
			isa = PBXGroup;
			children = (
				8232A6E62ACC902B003DA5D7 /* IosTranslator */,
				8232A6E52ACC902B003DA5D7 /* Products */,
			);
			sourceTree = "<group>";
		};
		8232A6E52ACC902B003DA5D7 /* Products */ = {
			isa = PBXGroup;
			children = (
				8232A6E42ACC902B003DA5D7 /* IosTranslator.app */,
			);
			name = Products;
			sourceTree = "<group>";
		};
		8232A6E62ACC902B003DA5D7 /* IosTranslator */ = {
			isa = PBXGroup;
			children = (
				8232A6F82ACC90B2003DA5D7 /* Views */,
				8232A6F72ACC90A3003DA5D7 /* ViewModels */,
				8232A6F62ACC909C003DA5D7 /* Other */,
				8232A6F52ACC908D003DA5D7 /* Models */,
				8232A6EB2ACC902E003DA5D7 /* Assets.xcassets */,
				8232A6ED2ACC902E003DA5D7 /* Preview Content */,
			);
			path = IosTranslator;
			sourceTree = "<group>";
		};
		8232A6ED2ACC902E003DA5D7 /* Preview Content */ = {
			isa = PBXGroup;
			children = (
				8232A6EE2ACC902E003DA5D7 /* Preview Assets.xcassets */,
			);
			path = "Preview Content";
			sourceTree = "<group>";
		};
		8232A6F52ACC908D003DA5D7 /* Models */ = {
			isa = PBXGroup;
			children = (
			);
			name = Models;
			sourceTree = "<group>";
		};
		8232A6F62ACC909C003DA5D7 /* Other */ = {
			isa = PBXGroup;
			children = (
				8232A6E72ACC902B003DA5D7 /* IosTranslatorApp.swift */,
			);
			path = Other;
			sourceTree = "<group>";
		};
		8232A6F72ACC90A3003DA5D7 /* ViewModels */ = {
			isa = PBXGroup;
			children = (
			);
			path = ViewModels;
			sourceTree = "<group>";
		};
		8232A6F82ACC90B2003DA5D7 /* Views */ = {
			isa = PBXGroup;
			children = (
				8232A6E92ACC902B003DA5D7 /* ContentView.swift */,
				8232A6F92ACC9362003DA5D7 /* TranslateView.swift */,
				8232A6FB2ACC937F003DA5D7 /* LiveView.swift */,
				8232A6FD2ACC9388003DA5D7 /* SettingsView.swift */,
			);
			path = Views;
			sourceTree = "<group>";
		};
/* End PBXGroup section */

/* Begin PBXNativeTarget section */
		8232A6E32ACC902B003DA5D7 /* IosTranslator */ = {
			isa = PBXNativeTarget;
			buildConfigurationList = 8232A6F22ACC902E003DA5D7 /* Build configuration list for PBXNativeTarget "IosTranslator" */;
			buildPhases = (
				8232A6E02ACC902B003DA5D7 /* Sources */,
				8232A6E12ACC902B003DA5D7 /* Frameworks */,
				8232A6E22ACC902B003DA5D7 /* Resources */,
			);
			buildRules = (
			);
			dependencies = (
			);
			name = IosTranslator;
			productName = IosTranslator;
			productReference = 8232A6E42ACC902B003DA5D7 /* IosTranslator.app */;
			productType = "com.apple.product-type.application";
		};
/* End PBXNativeTarget section */

/* Begin PBXProject section */
		8232A6DC2ACC902B003DA5D7 /* Project object */ = {
			isa = PBXProject;
			attributes = {
				BuildIndependentTargetsInParallel = 1;
				LastSwiftUpdateCheck = 1430;
				LastUpgradeCheck = 1430;
				TargetAttributes = {
					8232A6E32ACC902B003DA5D7 = {
						CreatedOnToolsVersion = 14.3.1;
					};
				};
			};
			buildConfigurationList = 8232A6DF2ACC902B003DA5D7 /* Build configuration list for PBXProject "IosTranslator" */;
			compatibilityVersion = "Xcode 14.0";
			developmentRegion = en;
			hasScannedForEncodings = 0;
			knownRegions = (
				en,
				Base,
			);
			mainGroup = 8232A6DB2ACC902B003DA5D7;
			productRefGroup = 8232A6E52ACC902B003DA5D7 /* Products */;
			projectDirPath = "";
			projectRoot = "";
			targets = (
				8232A6E32ACC902B003DA5D7 /* IosTranslator */,
			);
		};
/* End PBXProject section */

/* Begin PBXResourcesBuildPhase section */
		8232A6E22ACC902B003DA5D7 /* Resources */ = {
			isa = PBXResourcesBuildPhase;
			buildActionMask = 2147483647;
			files = (
				8232A6EF2ACC902E003DA5D7 /* Preview Assets.xcassets in Resources */,
				8232A6EC2ACC902E003DA5D7 /* Assets.xcassets in Resources */,
			);
			runOnlyForDeploymentPostprocessing = 0;
		};
/* End PBXResourcesBuildPhase section */

/* Begin PBXSourcesBuildPhase section */
		8232A6E02ACC902B003DA5D7 /* Sources */ = {
			isa = PBXSourcesBuildPhase;
			buildActionMask = 2147483647;
			files = (
				8232A6FE2ACC9388003DA5D7 /* SettingsView.swift in Sources */,
				8232A6FC2ACC937F003DA5D7 /* LiveView.swift in Sources */,
				8232A6EA2ACC902B003DA5D7 /* ContentView.swift in Sources */,
				8232A6FA2ACC9362003DA5D7 /* TranslateView.swift in Sources */,
				8232A6E82ACC902B003DA5D7 /* IosTranslatorApp.swift in Sources */,
			);
			runOnlyForDeploymentPostprocessing = 0;
		};
/* End PBXSourcesBuildPhase section */

/* Begin XCBuildConfiguration section */
		8232A6F02ACC902E003DA5D7 /* Debug */ = {
			isa = XCBuildConfiguration;
			buildSettings = {
				ALWAYS_SEARCH_USER_PATHS = NO;
				CLANG_ANALYZER_NONNULL = YES;
				CLANG_ANALYZER_NUMBER_OBJECT_CONVERSION = YES_AGGRESSIVE;
				CLANG_CXX_LANGUAGE_STANDARD = "gnu++20";
				CLANG_ENABLE_MODULES = YES;
				CLANG_ENABLE_OBJC_ARC = YES;
				CLANG_ENABLE_OBJC_WEAK = YES;
				CLANG_WARN_BLOCK_CAPTURE_AUTORELEASING = YES;
				CLANG_WARN_BOOL_CONVERSION = YES;
				CLANG_WARN_COMMA = YES;
				CLANG_WARN_CONSTANT_CONVERSION = YES;
				CLANG_WARN_DEPRECATED_OBJC_IMPLEMENTATIONS = YES;
				CLANG_WARN_DIRECT_OBJC_ISA_USAGE = YES_ERROR;
				CLANG_WARN_DOCUMENTATION_COMMENTS = YES;
				CLANG_WARN_EMPTY_BODY = YES;
				CLANG_WARN_ENUM_CONVERSION = YES;
				CLANG_WARN_INFINITE_RECURSION = YES;
				CLANG_WARN_INT_CONVERSION = YES;
				CLANG_WARN_NON_LITERAL_NULL_CONVERSION = YES;
				CLANG_WARN_OBJC_IMPLICIT_RETAIN_SELF = YES;
				CLANG_WARN_OBJC_LITERAL_CONVERSION = YES;
				CLANG_WARN_OBJC_ROOT_CLASS = YES_ERROR;
				CLANG_WARN_QUOTED_INCLUDE_IN_FRAMEWORK_HEADER = YES;
				CLANG_WARN_RANGE_LOOP_ANALYSIS = YES;
				CLANG_WARN_STRICT_PROTOTYPES = YES;
				CLANG_WARN_SUSPICIOUS_MOVE = YES;
				CLANG_WARN_UNGUARDED_AVAILABILITY = YES_AGGRESSIVE;
				CLANG_WARN_UNREACHABLE_CODE = YES;
				CLANG_WARN__DUPLICATE_METHOD_MATCH = YES;
				COPY_PHASE_STRIP = NO;
				DEBUG_INFORMATION_FORMAT = dwarf;
				ENABLE_STRICT_OBJC_MSGSEND = YES;
				ENABLE_TESTABILITY = YES;
				GCC_C_LANGUAGE_STANDARD = gnu11;
				GCC_DYNAMIC_NO_PIC = NO;
				GCC_NO_COMMON_BLOCKS = YES;
				GCC_OPTIMIZATION_LEVEL = 0;
				GCC_PREPROCESSOR_DEFINITIONS = (
					"DEBUG=1",
					"$(inherited)",
				);
				GCC_WARN_64_TO_32_BIT_CONVERSION = YES;
				GCC_WARN_ABOUT_RETURN_TYPE = YES_ERROR;
				GCC_WARN_UNDECLARED_SELECTOR = YES;
				GCC_WARN_UNINITIALIZED_AUTOS = YES_AGGRESSIVE;
				GCC_WARN_UNUSED_FUNCTION = YES;
				GCC_WARN_UNUSED_VARIABLE = YES;
				IPHONEOS_DEPLOYMENT_TARGET = 16.4;
				MTL_ENABLE_DEBUG_INFO = INCLUDE_SOURCE;
				MTL_FAST_MATH = YES;
				ONLY_ACTIVE_ARCH = YES;
				SDKROOT = iphoneos;
				SWIFT_ACTIVE_COMPILATION_CONDITIONS = DEBUG;
				SWIFT_OPTIMIZATION_LEVEL = "-Onone";
			};
			name = Debug;
		};
		8232A6F12ACC902E003DA5D7 /* Release */ = {
			isa = XCBuildConfiguration;
			buildSettings = {
				ALWAYS_SEARCH_USER_PATHS = NO;
				CLANG_ANALYZER_NONNULL = YES;
				CLANG_ANALYZER_NUMBER_OBJECT_CONVERSION = YES_AGGRESSIVE;
				CLANG_CXX_LANGUAGE_STANDARD = "gnu++20";
				CLANG_ENABLE_MODULES = YES;
				CLANG_ENABLE_OBJC_ARC = YES;
				CLANG_ENABLE_OBJC_WEAK = YES;
				CLANG_WARN_BLOCK_CAPTURE_AUTORELEASING = YES;
				CLANG_WARN_BOOL_CONVERSION = YES;
				CLANG_WARN_COMMA = YES;
				CLANG_WARN_CONSTANT_CONVERSION = YES;
				CLANG_WARN_DEPRECATED_OBJC_IMPLEMENTATIONS = YES;
				CLANG_WARN_DIRECT_OBJC_ISA_USAGE = YES_ERROR;
				CLANG_WARN_DOCUMENTATION_COMMENTS = YES;
				CLANG_WARN_EMPTY_BODY = YES;
				CLANG_WARN_ENUM_CONVERSION = YES;
				CLANG_WARN_INFINITE_RECURSION = YES;
				CLANG_WARN_INT_CONVERSION = YES;
				CLANG_WARN_NON_LITERAL_NULL_CONVERSION = YES;
				CLANG_WARN_OBJC_IMPLICIT_RETAIN_SELF = YES;
				CLANG_WARN_OBJC_LITERAL_CONVERSION = YES;
				CLANG_WARN_OBJC_ROOT_CLASS = YES_ERROR;
				CLANG_WARN_QUOTED_INCLUDE_IN_FRAMEWORK_HEADER = YES;
				CLANG_WARN_RANGE_LOOP_ANALYSIS = YES;
				CLANG_WARN_STRICT_PROTOTYPES = YES;
				CLANG_WARN_SUSPICIOUS_MOVE = YES;
				CLANG_WARN_UNGUARDED_AVAILABILITY = YES_AGGRESSIVE;
				CLANG_WARN_UNREACHABLE_CODE = YES;
				CLANG_WARN__DUPLICATE_METHOD_MATCH = YES;
				COPY_PHASE_STRIP = NO;
				DEBUG_INFORMATION_FORMAT = "dwarf-with-dsym";
				ENABLE_NS_ASSERTIONS = NO;
				ENABLE_STRICT_OBJC_MSGSEND = YES;
				GCC_C_LANGUAGE_STANDARD = gnu11;
				GCC_NO_COMMON_BLOCKS = YES;
				GCC_WARN_64_TO_32_BIT_CONVERSION = YES;
				GCC_WARN_ABOUT_RETURN_TYPE = YES_ERROR;
				GCC_WARN_UNDECLARED_SELECTOR = YES;
				GCC_WARN_UNINITIALIZED_AUTOS = YES_AGGRESSIVE;
				GCC_WARN_UNUSED_FUNCTION = YES;
				GCC_WARN_UNUSED_VARIABLE = YES;
				IPHONEOS_DEPLOYMENT_TARGET = 16.4;
				MTL_ENABLE_DEBUG_INFO = NO;
				MTL_FAST_MATH = YES;
				SDKROOT = iphoneos;
				SWIFT_COMPILATION_MODE = wholemodule;
				SWIFT_OPTIMIZATION_LEVEL = "-O";
				VALIDATE_PRODUCT = YES;
			};
			name = Release;
		};
		8232A6F32ACC902E003DA5D7 /* Debug */ = {
			isa = XCBuildConfiguration;
			buildSettings = {
				ASSETCATALOG_COMPILER_APPICON_NAME = AppIcon;
				ASSETCATALOG_COMPILER_GLOBAL_ACCENT_COLOR_NAME = AccentColor;
				CODE_SIGN_STYLE = Automatic;
				CURRENT_PROJECT_VERSION = 1;
				DEVELOPMENT_ASSET_PATHS = "\"IosTranslator/Preview Content\"";
				DEVELOPMENT_TEAM = 25PD9MT4H7;
				ENABLE_PREVIEWS = YES;
				GENERATE_INFOPLIST_FILE = YES;
				INFOPLIST_KEY_UIApplicationSceneManifest_Generation = YES;
				INFOPLIST_KEY_UIApplicationSupportsIndirectInputEvents = YES;
				INFOPLIST_KEY_UILaunchScreen_Generation = YES;
				INFOPLIST_KEY_UISupportedInterfaceOrientations_iPad = "UIInterfaceOrientationPortrait UIInterfaceOrientationPortraitUpsideDown UIInterfaceOrientationLandscapeLeft UIInterfaceOrientationLandscapeRight";
				INFOPLIST_KEY_UISupportedInterfaceOrientations_iPhone = "UIInterfaceOrientationPortrait UIInterfaceOrientationLandscapeLeft UIInterfaceOrientationLandscapeRight";
				LD_RUNPATH_SEARCH_PATHS = (
					"$(inherited)",
					"@executable_path/Frameworks",
				);
				MARKETING_VERSION = 1.0;
				PRODUCT_BUNDLE_IDENTIFIER = co.lukaspisarcik.IosTranslator;
				PRODUCT_NAME = "$(TARGET_NAME)";
				SWIFT_EMIT_LOC_STRINGS = YES;
				SWIFT_VERSION = 5.0;
				TARGETED_DEVICE_FAMILY = "1,2";
			};
			name = Debug;
		};
		8232A6F42ACC902E003DA5D7 /* Release */ = {
			isa = XCBuildConfiguration;
			buildSettings = {
				ASSETCATALOG_COMPILER_APPICON_NAME = AppIcon;
				ASSETCATALOG_COMPILER_GLOBAL_ACCENT_COLOR_NAME = AccentColor;
				CODE_SIGN_STYLE = Automatic;
				CURRENT_PROJECT_VERSION = 1;
				DEVELOPMENT_ASSET_PATHS = "\"IosTranslator/Preview Content\"";
				DEVELOPMENT_TEAM = 25PD9MT4H7;
				ENABLE_PREVIEWS = YES;
				GENERATE_INFOPLIST_FILE = YES;
				INFOPLIST_KEY_UIApplicationSceneManifest_Generation = YES;
				INFOPLIST_KEY_UIApplicationSupportsIndirectInputEvents = YES;
				INFOPLIST_KEY_UILaunchScreen_Generation = YES;
				INFOPLIST_KEY_UISupportedInterfaceOrientations_iPad = "UIInterfaceOrientationPortrait UIInterfaceOrientationPortraitUpsideDown UIInterfaceOrientationLandscapeLeft UIInterfaceOrientationLandscapeRight";
				INFOPLIST_KEY_UISupportedInterfaceOrientations_iPhone = "UIInterfaceOrientationPortrait UIInterfaceOrientationLandscapeLeft UIInterfaceOrientationLandscapeRight";
				LD_RUNPATH_SEARCH_PATHS = (
					"$(inherited)",
					"@executable_path/Frameworks",
				);
				MARKETING_VERSION = 1.0;
				PRODUCT_BUNDLE_IDENTIFIER = co.lukaspisarcik.IosTranslator;
				PRODUCT_NAME = "$(TARGET_NAME)";
				SWIFT_EMIT_LOC_STRINGS = YES;
				SWIFT_VERSION = 5.0;
				TARGETED_DEVICE_FAMILY = "1,2";
			};
			name = Release;
		};
/* End XCBuildConfiguration section */

/* Begin XCConfigurationList section */
		8232A6DF2ACC902B003DA5D7 /* Build configuration list for PBXProject "IosTranslator" */ = {
			isa = XCConfigurationList;
			buildConfigurations = (
				8232A6F02ACC902E003DA5D7 /* Debug */,
				8232A6F12ACC902E003DA5D7 /* Release */,
			);
			defaultConfigurationIsVisible = 0;
			defaultConfigurationName = Release;
		};
		8232A6F22ACC902E003DA5D7 /* Build configuration list for PBXNativeTarget "IosTranslator" */ = {
			isa = XCConfigurationList;
			buildConfigurations = (
				8232A6F32ACC902E003DA5D7 /* Debug */,
				8232A6F42ACC902E003DA5D7 /* Release */,
			);
			defaultConfigurationIsVisible = 0;
			defaultConfigurationName = Release;
		};
/* End XCConfigurationList section */
	};
	rootObject = 8232A6DC2ACC902B003DA5D7 /* Project object */;
}
